<?xml version="1.0" encoding="utf-8"?>
<Project ToolsVersion="4.0" xmlns="http://schemas.microsoft.com/developer/msbuild/2003">
  <ItemGroup>
    <Filter Include="Source files">
      <UniqueIdentifier>{ade45da2-1576-45cb-b774-62d635d7ddf6}</UniqueIdentifier>
      <Extensions>cpp;c;cc;cxx;def;odl;idl;hpj;bat;asm;asmx</Extensions>
    </Filter>
    <Filter Include="Header files">
      <UniqueIdentifier>{a1c518ac-277f-4ffb-b691-c47a32c052f5}</UniqueIdentifier>
      <Extensions>h;hpp;hxx;hm;inl;inc;xsd</Extensions>
    </Filter>
    <Filter Include="Resource files">
      <UniqueIdentifier>{4517a128-b027-47d8-8487-76b63088fc11}</UniqueIdentifier>
      <Extensions>rc;ico;cur;bmp;dlg;rc2;rct;bin;rgs;gif;jpg;jpeg;jpe;resx;tiff;tif;png;wav</Extensions>
    </Filter>
    <Filter Include="Source files\Drivers">
      <UniqueIdentifier>{a5289b53-083b-4528-bd27-ec588bbaa894}</UniqueIdentifier>
    </Filter>
    <Filter Include="Source files\Drivers\STM32H7xx_HAL_Driver">
      <UniqueIdentifier>{30e07286-dfd8-46ba-8219-9624638deb3b}</UniqueIdentifier>
    </Filter>
    <Filter Include="Source files\Drivers\CMSIS">
      <UniqueIdentifier>{31c1d195-d3db-429a-bc88-9da9f03441b1}</UniqueIdentifier>
    </Filter>
    <Filter Include="Source files\Application">
      <UniqueIdentifier>{df6efbbe-aa89-4e76-9d4c-b737c3e46fc9}</UniqueIdentifier>
    </Filter>
    <Filter Include="Source files\Application\MDK-ARM">
      <UniqueIdentifier>{8ecde05f-8007-41ca-be20-a601842aa6cd}</UniqueIdentifier>
    </Filter>
    <Filter Include="Source files\Application\User">
      <UniqueIdentifier>{bf918c6a-82ec-4a9e-b552-5a1e6c691874}</UniqueIdentifier>
    </Filter>
    <Filter Include="Source files\User">
      <UniqueIdentifier>{8356510f-8c3e-4520-9b76-5b0888c727d4}</UniqueIdentifier>
    </Filter>
    <Filter Include="Source files\BSP">
      <UniqueIdentifier>{8f268448-e178-4cf7-974a-135679e106cd}</UniqueIdentifier>
    </Filter>
    <Filter Include="Source files\RTX">
      <UniqueIdentifier>{9d8559ab-99b7-4965-8e17-41b5ea0c93db}</UniqueIdentifier>
    </Filter>
    <Filter Include="Source files\RTX\Core">
      <UniqueIdentifier>{f6fb0334-f78d-4f79-81c9-203193b68138}</UniqueIdentifier>
    </Filter>
    <Filter Include="Source files\RTX\Handlers">
      <UniqueIdentifier>{1343410e-eca4-48ce-9eb4-61f1eea173e5}</UniqueIdentifier>
    </Filter>
    <Filter Include="Source files\RTX\Config">
      <UniqueIdentifier>{d0069ff0-af0e-4388-8bdd-584129802afa}</UniqueIdentifier>
    </Filter>
    <Filter Include="Source files\::CMSIS">
      <UniqueIdentifier>{29db3b94-9d87-4f76-9b00-b51a8bd05dbc}</UniqueIdentifier>
    </Filter>
    <Filter Include="Source files\Device-specific files">
      <UniqueIdentifier>{f0e15e63-42be-42a5-9868-394e0cb3feef}</UniqueIdentifier>
    </Filter>
    <Filter Include="Header files\Drivers">
      <UniqueIdentifier>{d4897453-678d-46e9-8af8-e87be2c2e5ba}</UniqueIdentifier>
    </Filter>
    <Filter Include="Header files\Drivers\STM32H7xx_HAL_Driver">
      <UniqueIdentifier>{274570a9-dc68-458c-8cac-e8258c23abd8}</UniqueIdentifier>
    </Filter>
    <Filter Include="Header files\Drivers\CMSIS">
      <UniqueIdentifier>{6f8daf79-dbd4-42e1-afd1-7a22dff7d3fe}</UniqueIdentifier>
    </Filter>
    <Filter Include="Header files\Application">
      <UniqueIdentifier>{d7d2e478-6022-4b65-8ee1-69fafe204387}</UniqueIdentifier>
    </Filter>
    <Filter Include="Header files\Application\MDK-ARM">
      <UniqueIdentifier>{c477a3ac-37f2-4e69-a69a-cac57cdf86e8}</UniqueIdentifier>
    </Filter>
    <Filter Include="Header files\Application\User">
      <UniqueIdentifier>{a30fa02b-5556-4d02-be98-4f1b286bdd47}</UniqueIdentifier>
    </Filter>
    <Filter Include="Header files\User">
      <UniqueIdentifier>{9615b7c5-135b-46c9-aa69-4db3acae62f1}</UniqueIdentifier>
    </Filter>
    <Filter Include="Header files\BSP">
      <UniqueIdentifier>{dfcd54a2-c9a8-4491-a3e6-055dc527eed5}</UniqueIdentifier>
    </Filter>
    <Filter Include="Header files\RTX">
      <UniqueIdentifier>{5725c596-e944-4f36-ab67-594c6f9824fa}</UniqueIdentifier>
    </Filter>
    <Filter Include="Header files\RTX\Core">
      <UniqueIdentifier>{419fa561-04aa-4a74-8aef-6ccd518f0f91}</UniqueIdentifier>
    </Filter>
    <Filter Include="Header files\RTX\Handlers">
      <UniqueIdentifier>{245031b2-3040-4b1a-90aa-c07d2913707f}</UniqueIdentifier>
    </Filter>
    <Filter Include="Header files\RTX\Config">
      <UniqueIdentifier>{e3466789-4623-434d-ad8f-73e130990856}</UniqueIdentifier>
    </Filter>
    <Filter Include="Header files\::CMSIS">
      <UniqueIdentifier>{7d5d2d17-6771-4ec9-a3a0-a67c33319fe7}</UniqueIdentifier>
    </Filter>
    <Filter Include="Header files\Device-specific files">
      <UniqueIdentifier>{0a98c5ae-4e6f-4022-86d4-9eabfdcd2f91}</UniqueIdentifier>
    </Filter>
    <Filter Include="VisualGDB settings">
      <UniqueIdentifier>{e49ddb2b-1464-4b9d-b51e-851950d73ff4}</UniqueIdentifier>
    </Filter>
  </ItemGroup>
  <ItemGroup>
    <ClCompile Include="..\Drivers\STM32H7xx_HAL_Driver\Src\stm32h7xx_hal_cortex.c">
      <Filter>Source files\Drivers\STM32H7xx_HAL_Driver</Filter>
    </ClCompile>
    <ClCompile Include="..\Drivers\STM32H7xx_HAL_Driver\Src\stm32h7xx_hal_rcc.c">
      <Filter>Source files\Drivers\STM32H7xx_HAL_Driver</Filter>
    </ClCompile>
    <ClCompile Include="..\Drivers\STM32H7xx_HAL_Driver\Src\stm32h7xx_hal_rcc_ex.c">
      <Filter>Source files\Drivers\STM32H7xx_HAL_Driver</Filter>
    </ClCompile>
    <ClCompile Include="..\Drivers\STM32H7xx_HAL_Driver\Src\stm32h7xx_hal_flash.c">
      <Filter>Source files\Drivers\STM32H7xx_HAL_Driver</Filter>
    </ClCompile>
    <ClCompile Include="..\Drivers\STM32H7xx_HAL_Driver\Src\stm32h7xx_hal_flash_ex.c">
      <Filter>Source files\Drivers\STM32H7xx_HAL_Driver</Filter>
    </ClCompile>
    <ClCompile Include="..\Drivers\STM32H7xx_HAL_Driver\Src\stm32h7xx_hal_gpio.c">
      <Filter>Source files\Drivers\STM32H7xx_HAL_Driver</Filter>
    </ClCompile>
    <ClCompile Include="..\Drivers\STM32H7xx_HAL_Driver\Src\stm32h7xx_hal_hsem.c">
      <Filter>Source files\Drivers\STM32H7xx_HAL_Driver</Filter>
    </ClCompile>
    <ClCompile Include="..\Drivers\STM32H7xx_HAL_Driver\Src\stm32h7xx_hal_dma.c">
      <Filter>Source files\Drivers\STM32H7xx_HAL_Driver</Filter>
    </ClCompile>
    <ClCompile Include="..\Drivers\STM32H7xx_HAL_Driver\Src\stm32h7xx_hal_dma_ex.c">
      <Filter>Source files\Drivers\STM32H7xx_HAL_Driver</Filter>
    </ClCompile>
    <ClCompile Include="..\Drivers\STM32H7xx_HAL_Driver\Src\stm32h7xx_hal_mdma.c">
      <Filter>Source files\Drivers\STM32H7xx_HAL_Driver</Filter>
    </ClCompile>
    <ClCompile Include="..\Drivers\STM32H7xx_HAL_Driver\Src\stm32h7xx_hal_pwr.c">
      <Filter>Source files\Drivers\STM32H7xx_HAL_Driver</Filter>
    </ClCompile>
    <ClCompile Include="..\Drivers\STM32H7xx_HAL_Driver\Src\stm32h7xx_hal_pwr_ex.c">
      <Filter>Source files\Drivers\STM32H7xx_HAL_Driver</Filter>
    </ClCompile>
    <ClCompile Include="..\Drivers\STM32H7xx_HAL_Driver\Src\stm32h7xx_hal.c">
      <Filter>Source files\Drivers\STM32H7xx_HAL_Driver</Filter>
    </ClCompile>
    <ClCompile Include="..\Drivers\STM32H7xx_HAL_Driver\Src\stm32h7xx_hal_i2c.c">
      <Filter>Source files\Drivers\STM32H7xx_HAL_Driver</Filter>
    </ClCompile>
    <ClCompile Include="..\Drivers\STM32H7xx_HAL_Driver\Src\stm32h7xx_hal_i2c_ex.c">
      <Filter>Source files\Drivers\STM32H7xx_HAL_Driver</Filter>
    </ClCompile>
    <ClCompile Include="..\Drivers\STM32H7xx_HAL_Driver\Src\stm32h7xx_hal_exti.c">
      <Filter>Source files\Drivers\STM32H7xx_HAL_Driver</Filter>
    </ClCompile>
    <ClCompile Include="..\Drivers\STM32H7xx_HAL_Driver\Src\stm32h7xx_hal_tim.c">
      <Filter>Source files\Drivers\STM32H7xx_HAL_Driver</Filter>
    </ClCompile>
    <ClCompile Include="..\Drivers\STM32H7xx_HAL_Driver\Src\stm32h7xx_hal_tim_ex.c">
      <Filter>Source files\Drivers\STM32H7xx_HAL_Driver</Filter>
    </ClCompile>
    <ClCompile Include="..\Drivers\STM32H7xx_HAL_Driver\Src\stm32h7xx_hal_uart.c">
      <Filter>Source files\Drivers\STM32H7xx_HAL_Driver</Filter>
    </ClCompile>
    <ClCompile Include="..\Drivers\STM32H7xx_HAL_Driver\Src\stm32h7xx_hal_uart_ex.c">
      <Filter>Source files\Drivers\STM32H7xx_HAL_Driver</Filter>
    </ClCompile>
    <ClCompile Include="..\Drivers\STM32H7xx_HAL_Driver\Src\stm32h7xx_hal_sram.c">
      <Filter>Source files\Drivers\STM32H7xx_HAL_Driver</Filter>
    </ClCompile>
    <ClCompile Include="..\Drivers\STM32H7xx_HAL_Driver\Src\stm32h7xx_ll_fmc.c">
      <Filter>Source files\Drivers\STM32H7xx_HAL_Driver</Filter>
    </ClCompile>
    <ClCompile Include="..\Src\system_stm32h7xx.c">
      <Filter>Source files\Drivers\CMSIS</Filter>
    </ClCompile>
    <ClCompile Include="..\Src\main.c">
      <Filter>Source files\Application\User</Filter>
    </ClCompile>
    <ClCompile Include="..\Src\gpio.c">
      <Filter>Source files\Application\User</Filter>
    </ClCompile>
    <ClCompile Include="..\Src\usart.c">
      <Filter>Source files\Application\User</Filter>
    </ClCompile>
    <ClCompile Include="..\Src\stm32h7xx_it.c">
      <Filter>Source files\Application\User</Filter>
    </ClCompile>
    <ClCompile Include="..\Src\stm32h7xx_hal_msp.c">
      <Filter>Source files\Application\User</Filter>
    </ClCompile>
    <ClCompile Include="..\User\main.c">
      <Filter>Source files\User</Filter>
    </ClCompile>
    <ClCompile Include="..\User\bsp\bsp.c">
      <Filter>Source files\BSP</Filter>
    </ClCompile>
    <ClCompile Include="..\User\bsp\src\bsp_uart_fifo.c">
      <Filter>Source files\BSP</Filter>
    </ClCompile>
    <ClCompile Include="..\User\bsp\src\bsp_led.c">
      <Filter>Source files\BSP</Filter>
    </ClCompile>
    <ClCompile Include="..\User\bsp\src\bsp_fmc_io.c">
      <Filter>Source files\BSP</Filter>
    </ClCompile>
    <ClCompile Include="..\User\bsp\src\bsp_dwt.c">
      <Filter>Source files\BSP</Filter>
    </ClCompile>
    <ClCompile Include="..\User\bsp\src\bsp_kfifo.c">
      <Filter>Source files\BSP</Filter>
    </ClCompile>
    <ClCompile Include="..\RTX\CMSIS_5\CMSIS\RTOS2\RTX\Source\rtx_delay.c">
      <Filter>Source files\RTX\Core</Filter>
    </ClCompile>
    <ClCompile Include="..\RTX\CMSIS_5\CMSIS\RTOS2\RTX\Source\rtx_evflags.c">
      <Filter>Source files\RTX\Core</Filter>
    </ClCompile>
    <ClCompile Include="..\RTX\CMSIS_5\CMSIS\RTOS2\RTX\Source\rtx_evr.c">
      <Filter>Source files\RTX\Core</Filter>
    </ClCompile>
    <ClCompile Include="..\RTX\CMSIS_5\CMSIS\RTOS2\RTX\Source\rtx_kernel.c">
      <Filter>Source files\RTX\Core</Filter>
    </ClCompile>
    <ClCompile Include="..\RTX\CMSIS_5\CMSIS\RTOS2\RTX\Source\rtx_lib.c">
      <Filter>Source files\RTX\Core</Filter>
    </ClCompile>
    <ClCompile Include="..\RTX\CMSIS_5\CMSIS\RTOS2\RTX\Source\rtx_memory.c">
      <Filter>Source files\RTX\Core</Filter>
    </ClCompile>
    <ClCompile Include="..\RTX\CMSIS_5\CMSIS\RTOS2\RTX\Source\rtx_mempool.c">
      <Filter>Source files\RTX\Core</Filter>
    </ClCompile>
    <ClCompile Include="..\RTX\CMSIS_5\CMSIS\RTOS2\RTX\Source\rtx_msgqueue.c">
      <Filter>Source files\RTX\Core</Filter>
    </ClCompile>
    <ClCompile Include="..\RTX\CMSIS_5\CMSIS\RTOS2\RTX\Source\rtx_mutex.c">
      <Filter>Source files\RTX\Core</Filter>
    </ClCompile>
    <ClCompile Include="..\RTX\CMSIS_5\CMSIS\RTOS2\RTX\Source\rtx_semaphore.c">
      <Filter>Source files\RTX\Core</Filter>
    </ClCompile>
    <ClCompile Include="..\RTX\CMSIS_5\CMSIS\RTOS2\RTX\Source\rtx_system.c">
      <Filter>Source files\RTX\Core</Filter>
    </ClCompile>
    <ClCompile Include="..\RTX\CMSIS_5\CMSIS\RTOS2\RTX\Source\rtx_thread.c">
      <Filter>Source files\RTX\Core</Filter>
    </ClCompile>
    <ClCompile Include="..\RTX\CMSIS_5\CMSIS\RTOS2\RTX\Source\rtx_timer.c">
      <Filter>Source files\RTX\Core</Filter>
    </ClCompile>
    <ClCompile Include="..\RTX\CMSIS_5\CMSIS\RTOS2\Source\os_systick.c">
      <Filter>Source files\RTX\Core</Filter>
    </ClCompile>
    <ClCompile Include="..\RTX\Config\RTX_Config.c">
      <Filter>Source files\RTX\Config</Filter>
    </ClCompile>
    <None Include="stm32.props">
      <Filter>Source files\Device-specific files</Filter>
    </None>
    <ClCompile Include="$(BSP_ROOT)\STM32H7xxxx\StartupFiles\startup_stm32h743xx.c">
      <Filter>Source files\Device-specific files</Filter>
    </ClCompile>
    <ClInclude Include="..\User\includes.h">
      <Filter>Header files\User</Filter>
    </ClInclude>
    <ClInclude Include="..\User\bsp\bsp.h">
      <Filter>Header files\BSP</Filter>
    </ClInclude>
    <ClInclude Include="..\RTX\CMSIS_5\CMSIS\RTOS2\RTX\Source\rtx_lib.h">
      <Filter>Header files\RTX\Core</Filter>
    </ClInclude>
    <ClInclude Include="..\RTX\Config\RTX_Config.h">
      <Filter>Header files\RTX\Config</Filter>
    </ClInclude>
    <None Include="EmbeddedProject1-Debug.vgdbsettings">
      <Filter>VisualGDB settings</Filter>
    </None>
    <None Include="EmbeddedProject1-Release.vgdbsettings">
      <Filter>VisualGDB settings</Filter>
    </None>
    <None Include="stm32.xml">
      <Filter>VisualGDB settings</Filter>
    </None>
  </ItemGroup>
</Project>